
Microsoft Visual Studio Solution File, Format Version 12.00
# Visual Studio Version 17
VisualStudioVersion = 17.7.34018.315
MinimumVisualStudioVersion = 10.0.40219.1
Project("{FAE04EC0-301F-11D3-BF4B-00C04F79EFBC}") = "uppgift5.2", "uppgift5.2\uppgift5.2.csproj", "{6BB7EBFE-9150-48B8-8730-89CB0738986E}"
EndProject
Global
	GlobalSection(SolutionConfigurationPlatforms) = preSolution
		Debug|Any CPU = Debug|Any CPU
		Release|Any CPU = Release|Any CPU
	EndGlobalSection
	GlobalSection(ProjectConfigurationPlatforms) = postSolution
		{6BB7EBFE-9150-48B8-8730-89CB0738986E}.Debug|Any CPU.ActiveCfg = Debug|Any CPU
		{6BB7EBFE-9150-48B8-8730-89CB0738986E}.Debug|Any CPU.Build.0 = Debug|Any CPU
		{6BB7EBFE-9150-48B8-8730-89CB0738986E}.Release|Any CPU.ActiveCfg = Release|Any CPU
		{6BB7EBFE-9150-48B8-8730-89CB0738986E}.Release|Any CPU.Build.0 = Release|Any CPU
	EndGlobalSection
	GlobalSection(SolutionProperties) = preSolution
		HideSolutionNode = FALSE
	EndGlobalSection
	GlobalSection(ExtensibilityGlobals) = postSolution
		SolutionGuid = {39B353DB-762D-43D8-89CA-7E916DD7D96C}
	EndGlobalSection
EndGlobal
